
Microsoft Visual Studio Solution File, Format Version 12.00
# Visual Studio Version 17
VisualStudioVersion = 17.0.32014.148
MinimumVisualStudioVersion = 10.0.40219.1
Project("{FAE04EC0-301F-11D3-BF4B-00C04F79EFBC}") = "News-Site", "News-Site\News-Site.csproj", "{89335738-D5F6-401E-B4BF-6A5FE224A242}"
EndProject
Global
	GlobalSection(SolutionConfigurationPlatforms) = preSolution
		Debug|Any CPU = Debug|Any CPU
		Release|Any CPU = Release|Any CPU
	EndGlobalSection
	GlobalSection(ProjectConfigurationPlatforms) = postSolution
		{89335738-D5F6-401E-B4BF-6A5FE224A242}.Debug|Any CPU.ActiveCfg = Debug|Any CPU
		{89335738-D5F6-401E-B4BF-6A5FE224A242}.Debug|Any CPU.Build.0 = Debug|Any CPU
		{89335738-D5F6-401E-B4BF-6A5FE224A242}.Release|Any CPU.ActiveCfg = Release|Any CPU
		{89335738-D5F6-401E-B4BF-6A5FE224A242}.Release|Any CPU.Build.0 = Release|Any CPU
	EndGlobalSection
	GlobalSection(SolutionProperties) = preSolution
		HideSolutionNode = FALSE
	EndGlobalSection
	GlobalSection(ExtensibilityGlobals) = postSolution
		SolutionGuid = {DEF2E640-AF33-4960-91CD-F71600B0713F}
	EndGlobalSection
EndGlobal
